<?xml version="1.0" encoding="utf-8"?>
<Project ToolsVersion="4.0" xmlns="http://schemas.microsoft.com/developer/msbuild/2003">
  <ItemGroup>
    <ClCompile Include="CCharcter.cpp" />
    <ClCompile Include="CCollision.cpp" />
    <ClCompile Include="CEditer.cpp" />
    <ClCompile Include="CFileIO.cpp" />
    <ClCompile Include="CGame2.cpp" />
    <ClCompile Include="CGamePad.cpp" />
    <ClCompile Include="CKey.cpp" />
    <ClCompile Include="CMain.cpp" />
    <ClCompile Include="CMainGame.cpp" />
    <ClCompile Include="CMatrix33.cpp" />
    <ClCompile Include="CRectangle.cpp" />
    <ClCompile Include="CSceneChange.cpp" />
    <ClCompile Include="CScore.cpp" />
    <ClCompile Include="CTaskManager.cpp" />
    <ClCompile Include="CText.cpp" />
    <ClCompile Include="CTexture.cpp" />
    <ClCompile Include="CTitle.cpp" />
    <ClCompile Include="CVector2.cpp" />
    <ClCompile Include="CXInput.cpp" />
    <ClCompile Include="main.cpp" />
    <ClCompile Include="CCamera2D.cpp" />
    <ClCompile Include="CPlayerT.cpp" />
    <ClCompile Include="CMapChip.cpp" />
  </ItemGroup>
  <ItemGroup>
    <ClInclude Include="CCharcter.h" />
    <ClInclude Include="CCollision.h" />
    <ClInclude Include="CFileIO.h" />
    <ClInclude Include="CGame2.h" />
    <ClInclude Include="CGamePad.h" />
    <ClInclude Include="CKey.h" />
    <ClInclude Include="CMain.h" />
    <ClInclude Include="CMap.h" />
    <ClInclude Include="CMatrix33.h" />
    <ClInclude Include="CRectangle.h" />
    <ClInclude Include="CScene.h" />
    <ClInclude Include="CScore.h" />
    <ClInclude Include="CTask.h" />
    <ClInclude Include="CTaskManager.h" />
    <ClInclude Include="CText.h" />
    <ClInclude Include="CTexture.h" />
    <ClInclude Include="CTitle.h" />
    <ClInclude Include="CVector2.h" />
    <ClInclude Include="CXInput.h" />
    <ClInclude Include="resource.h" />
    <ClInclude Include="CCamera2D.h" />
    <ClInclude Include="CMapChip.h" />
    <ClInclude Include="CPlayerT.h" />
  </ItemGroup>
  <ItemGroup>
    <ResourceCompile Include="Resource.rc" />
  </ItemGroup>
</Project>