<?xml version="1.0" encoding="utf-8"?>
<Project ToolsVersion="4.0" xmlns="http://schemas.microsoft.com/developer/msbuild/2003">
  <ItemGroup>
    <ClCompile Include="CCamera2D.cpp" />
    <ClCompile Include="CCharcter.cpp" />
    <ClCompile Include="CCollision.cpp" />
    <ClCompile Include="CEditer.cpp" />
    <ClCompile Include="CEnemy.cpp" />
    <ClCompile Include="CFileIO.cpp" />
    <ClCompile Include="CMapBelt.cpp" />
    <ClCompile Include="CMapBox.cpp" />
    <ClCompile Include="CMapChikuwa.cpp" />
    <ClCompile Include="CMapSign.cpp" />
    <ClCompile Include="CMapSwitchGround.cpp" />
    <ClCompile Include="CMapUnder.cpp" />
    <ClCompile Include="CTime.cpp" />
    <ClCompile Include="CGame2.cpp" />
    <ClCompile Include="CGamePad.cpp" />
    <ClCompile Include="CMapJewelry.cpp" />
    <ClCompile Include="CKey.cpp" />
    <ClCompile Include="CMain.cpp" />
    <ClCompile Include="CMainGame.cpp" />
    <ClCompile Include="CMapChip.cpp" />
    <ClCompile Include="CMatrix33.cpp" />
    <ClCompile Include="CPlayerT.cpp" />
    <ClCompile Include="CRectangle.cpp" />
    <ClCompile Include="CSceneChange.cpp" />
    <ClCompile Include="CScore.cpp" />
    <ClCompile Include="CTaskManager.cpp" />
    <ClCompile Include="CText.cpp" />
    <ClCompile Include="CTexture.cpp" />
    <ClCompile Include="CTitle.cpp" />
    <ClCompile Include="CVector2.cpp" />
    <ClCompile Include="CWeapon.cpp" />
    <ClCompile Include="CXInput.cpp" />
    <ClCompile Include="main.cpp" />
  </ItemGroup>
  <ItemGroup>
    <ClInclude Include="CCamera2D.h" />
    <ClInclude Include="CCharcter.h" />
    <ClInclude Include="CCollision.h" />
    <ClInclude Include="CEnemy.h" />
    <ClInclude Include="CFileIO.h" />
    <ClInclude Include="CMapBelt.h" />
    <ClInclude Include="CMapBox.h" />
    <ClInclude Include="CMapChikuwa.h" />
    <ClInclude Include="CMapSign.h" />
    <ClInclude Include="CMapSwitchGround.h" />
    <ClInclude Include="CMapUnder.h" />
    <ClInclude Include="CTime.h" />
    <ClInclude Include="CGame2.h" />
    <ClInclude Include="CGamePad.h" />
    <ClInclude Include="CMapJewelry.h" />
    <ClInclude Include="CKey.h" />
    <ClInclude Include="CMain.h" />
    <ClInclude Include="CMap.h" />
    <ClInclude Include="CMapChip.h" />
    <ClInclude Include="CMatrix33.h" />
    <ClInclude Include="CPlayerT.h" />
    <ClInclude Include="CRectangle.h" />
    <ClInclude Include="CScene.h" />
    <ClInclude Include="CScore.h" />
    <ClInclude Include="CTask.h" />
    <ClInclude Include="CTaskManager.h" />
    <ClInclude Include="CText.h" />
    <ClInclude Include="CTexture.h" />
    <ClInclude Include="CTitle.h" />
    <ClInclude Include="CVector2.h" />
    <ClInclude Include="CWeapon.h" />
    <ClInclude Include="CXInput.h" />
    <ClInclude Include="resource.h" />
    <ClInclude Include="CSound.h" />
  </ItemGroup>
  <ItemGroup>
    <ResourceCompile Include="Resource.rc" />
  </ItemGroup>
</Project>